// !$*UTF8*$!
{
	archiveVersion = 1;
	classes = {
	};
	objectVersion = 52;
	objects = {

/* Begin PBXBuildFile section */
		4C0BB75A23140862005B16C4 /* InfoLaunchViewController.swift in Sources */ = {isa = PBXBuildFile; fileRef = 4C0BB75923140862005B16C4 /* InfoLaunchViewController.swift */; };
		4C0BB765231545A0005B16C4 /* PreviousLaunchAPI.swift in Sources */ = {isa = PBXBuildFile; fileRef = 4C0BB764231545A0005B16C4 /* PreviousLaunchAPI.swift */; };
		4C0BB76723154754005B16C4 /* PreviousLaunchesViewModel.swift in Sources */ = {isa = PBXBuildFile; fileRef = 4C0BB76623154754005B16C4 /* PreviousLaunchesViewModel.swift */; };
		4C0BB76923154CF3005B16C4 /* Location.swift in Sources */ = {isa = PBXBuildFile; fileRef = 4C0BB76823154CF3005B16C4 /* Location.swift */; };
		4C0C196023171675005D4C5F /* LaunchesTabmanViewController.swift in Sources */ = {isa = PBXBuildFile; fileRef = 4C0C195F23171675005D4C5F /* LaunchesTabmanViewController.swift */; };
		4C0F743E2462B8A7001D59E8 /* ObserverType+asVoid.swift in Sources */ = {isa = PBXBuildFile; fileRef = 4C0F743D2462B8A7001D59E8 /* ObserverType+asVoid.swift */; };
		4C0F74432462C305001D59E8 /* Device+Extensions.swift in Sources */ = {isa = PBXBuildFile; fileRef = 4C0F74422462C305001D59E8 /* Device+Extensions.swift */; };
		4C0F74492462FC8C001D59E8 /* CosmosActivityView.swift in Sources */ = {isa = PBXBuildFile; fileRef = 4C0F74482462FC8C001D59E8 /* CosmosActivityView.swift */; };
		4C38B6072461D44600CF7485 /* UITableView+Bottom.swift in Sources */ = {isa = PBXBuildFile; fileRef = 4C38B6062461D44600CF7485 /* UITableView+Bottom.swift */; };
		4C3DB01524602220003D413C /* UITableView+CosmosTableView.swift in Sources */ = {isa = PBXBuildFile; fileRef = 4C3DB01424602220003D413C /* UITableView+CosmosTableView.swift */; };
		4C3DB01724602394003D413C /* BaseTableViewController.swift in Sources */ = {isa = PBXBuildFile; fileRef = 4C3DB01624602394003D413C /* BaseTableViewController.swift */; };
		4C4C66E3246082A800E8068D /* String+Constants.swift in Sources */ = {isa = PBXBuildFile; fileRef = 4C4C66E2246082A800E8068D /* String+Constants.swift */; };
		4C4C66E62460833200E8068D /* CGFloat+Constants.swift in Sources */ = {isa = PBXBuildFile; fileRef = 4C4C66E52460833200E8068D /* CGFloat+Constants.swift */; };
		4C4C66E92460864700E8068D /* UIFont+Fonts.swift in Sources */ = {isa = PBXBuildFile; fileRef = 4C4C66E82460864600E8068D /* UIFont+Fonts.swift */; };
		4C59309A245EA7E000DDFEDD /* BaseInitializableCell.swift in Sources */ = {isa = PBXBuildFile; fileRef = 4C593099245EA7E000DDFEDD /* BaseInitializableCell.swift */; };
		4C5930A3245EACAC00DDFEDD /* NextLaunchCell.swift in Sources */ = {isa = PBXBuildFile; fileRef = 4C5930A2245EACAC00DDFEDD /* NextLaunchCell.swift */; };
		4C5930A9245EADAD00DDFEDD /* NextLaunchCellViewModel.swift in Sources */ = {isa = PBXBuildFile; fileRef = 4C5930A8245EADAD00DDFEDD /* NextLaunchCellViewModel.swift */; };
		4C5930AB245EB22E00DDFEDD /* UIImage+Images.swift in Sources */ = {isa = PBXBuildFile; fileRef = 4C5930AA245EB22E00DDFEDD /* UIImage+Images.swift */; };
		4C5930B3245EBEC300DDFEDD /* TableSection+Extensions.swift in Sources */ = {isa = PBXBuildFile; fileRef = 4C5930B2245EBEC300DDFEDD /* TableSection+Extensions.swift */; };
		4C67D9E02461741D0091F20E /* BaseTableViewModel.swift in Sources */ = {isa = PBXBuildFile; fileRef = 4C67D9DF2461741D0091F20E /* BaseTableViewModel.swift */; };
		4C6A393B231FC999007B043D /* LaunchesViewModel.swift in Sources */ = {isa = PBXBuildFile; fileRef = 4C6A393A231FC999007B043D /* LaunchesViewModel.swift */; };
		4C6BE27125284BAA0062A6B3 /* ViewModel.swift in Sources */ = {isa = PBXBuildFile; fileRef = 4C6BE27025284BAA0062A6B3 /* ViewModel.swift */; };
		4C6C1F97231BE00B00C7120F /* Mission.swift in Sources */ = {isa = PBXBuildFile; fileRef = 4C6C1F96231BE00B00C7120F /* Mission.swift */; };
		4C6C1F99231BE04500C7120F /* Lsp.swift in Sources */ = {isa = PBXBuildFile; fileRef = 4C6C1F98231BE04500C7120F /* Lsp.swift */; };
		4C6C1FA3231D1B0200C7120F /* InfoLaunchHeaderCell.swift in Sources */ = {isa = PBXBuildFile; fileRef = 4C6C1FA2231D1B0200C7120F /* InfoLaunchHeaderCell.swift */; };
		4C6C1FA7231D280000C7120F /* InfoMainCell.swift in Sources */ = {isa = PBXBuildFile; fileRef = 4C6C1FA6231D280000C7120F /* InfoMainCell.swift */; };
		4C776CF6230EB96C00025B08 /* AppDelegate.swift in Sources */ = {isa = PBXBuildFile; fileRef = 4C776CF5230EB96C00025B08 /* AppDelegate.swift */; };
		4C776CF8230EB96C00025B08 /* LaunchesViewController.swift in Sources */ = {isa = PBXBuildFile; fileRef = 4C776CF7230EB96C00025B08 /* LaunchesViewController.swift */; };
		4C776CFD230EB96D00025B08 /* Assets.xcassets in Resources */ = {isa = PBXBuildFile; fileRef = 4C776CFC230EB96D00025B08 /* Assets.xcassets */; };
		4C776D00230EB96D00025B08 /* LaunchScreen.storyboard in Resources */ = {isa = PBXBuildFile; fileRef = 4C776CFE230EB96D00025B08 /* LaunchScreen.storyboard */; };
		4C776D17230EB9ED00025B08 /* NextLaunchesViewModel.swift in Sources */ = {isa = PBXBuildFile; fileRef = 4C776D16230EB9ED00025B08 /* NextLaunchesViewModel.swift */; };
		4C776D1D230EC1F500025B08 /* NetworkService.swift in Sources */ = {isa = PBXBuildFile; fileRef = 4C776D1C230EC1F500025B08 /* NetworkService.swift */; };
		4C776D20230EC4A400025B08 /* LaunchLibraryAPI.swift in Sources */ = {isa = PBXBuildFile; fileRef = 4C776D1F230EC4A400025B08 /* LaunchLibraryAPI.swift */; };
		4C776D23230EC60600025B08 /* NextLaunchAPI.swift in Sources */ = {isa = PBXBuildFile; fileRef = 4C776D22230EC60600025B08 /* NextLaunchAPI.swift */; };
		4C776D25230EC8CA00025B08 /* LaunchList.swift in Sources */ = {isa = PBXBuildFile; fileRef = 4C776D24230EC8CA00025B08 /* LaunchList.swift */; };
		4C776D28230EC9F800025B08 /* Launch.swift in Sources */ = {isa = PBXBuildFile; fileRef = 4C776D27230EC9F800025B08 /* Launch.swift */; };
		4C776D2A230ECA2800025B08 /* LaunchesService.swift in Sources */ = {isa = PBXBuildFile; fileRef = 4C776D29230ECA2800025B08 /* LaunchesService.swift */; };
		4C776D2C230ECDB600025B08 /* URL+GenerateFromComponents.swift in Sources */ = {isa = PBXBuildFile; fileRef = 4C776D2B230ECDB600025B08 /* URL+GenerateFromComponents.swift */; };
		4C776D2F230F061500025B08 /* DateFormatterAPI.swift in Sources */ = {isa = PBXBuildFile; fileRef = 4C776D2E230F061500025B08 /* DateFormatterAPI.swift */; };
		4C7F82ED2527B76E0092482D /* UIRefreshControl+Color.swift in Sources */ = {isa = PBXBuildFile; fileRef = 4C7F82EC2527B76E0092482D /* UIRefreshControl+Color.swift */; };
		4C7F82F32527B8070092482D /* UIActivityIndicatorView+Extentions.swift in Sources */ = {isa = PBXBuildFile; fileRef = 4C7F82F22527B8070092482D /* UIActivityIndicatorView+Extentions.swift */; };
		4C7F836A2527C5330092482D /* UpSpacePlaceholderView.swift in Sources */ = {isa = PBXBuildFile; fileRef = 4C7F83692527C5330092482D /* UpSpacePlaceholderView.swift */; };
		4C7F836D2527C5670092482D /* String+Titles.swift in Sources */ = {isa = PBXBuildFile; fileRef = 4C7F836C2527C5670092482D /* String+Titles.swift */; };
		4C7F8371252845030092482D /* TIFoundationUtils in Frameworks */ = {isa = PBXBuildFile; productRef = 4C7F8370252845030092482D /* TIFoundationUtils */; };
		4C7F8373252845030092482D /* TITransitions in Frameworks */ = {isa = PBXBuildFile; productRef = 4C7F8372252845030092482D /* TITransitions */; };
		4C7F8375252845030092482D /* TIUIElements in Frameworks */ = {isa = PBXBuildFile; productRef = 4C7F8374252845030092482D /* TIUIElements */; };
		4C7FAE442312611300BD136C /* TodayLaunchAPI.swift in Sources */ = {isa = PBXBuildFile; fileRef = 4C7FAE432312611300BD136C /* TodayLaunchAPI.swift */; };
		4CABD00D23336BB7005D2D1D /* TimeCellViewModel.swift in Sources */ = {isa = PBXBuildFile; fileRef = 4CABD00C23336BB7005D2D1D /* TimeCellViewModel.swift */; };
		4CABD00F233370EF005D2D1D /* InfoTimeCell.swift in Sources */ = {isa = PBXBuildFile; fileRef = 4CABD00E233370EF005D2D1D /* InfoTimeCell.swift */; };
		4CC812C52316624C009208A7 /* Pad.swift in Sources */ = {isa = PBXBuildFile; fileRef = 4CC812C42316624C009208A7 /* Pad.swift */; };
		4CD37068231280F100187903 /* TodayLaunchesService.swift in Sources */ = {isa = PBXBuildFile; fileRef = 4CD37067231280F100187903 /* TodayLaunchesService.swift */; };
		4CD3706A2312815E00187903 /* LaunchListProtocol.swift in Sources */ = {isa = PBXBuildFile; fileRef = 4CD370692312815E00187903 /* LaunchListProtocol.swift */; };
		4CD370752312C06B00187903 /* CountryCodes.swift in Sources */ = {isa = PBXBuildFile; fileRef = 4CD370742312C06B00187903 /* CountryCodes.swift */; };
		4CDC57AB245F598F00BE487E /* UIColor+Colors.swift in Sources */ = {isa = PBXBuildFile; fileRef = 4CDC57AA245F598F00BE487E /* UIColor+Colors.swift */; };
		4CDC57B1245F5EF600BE487E /* CosmosNavigationController.swift in Sources */ = {isa = PBXBuildFile; fileRef = 4CDC57B0245F5EF500BE487E /* CosmosNavigationController.swift */; };
		4CDC57B5245F600900BE487E /* UIViewController+Navigation.swift in Sources */ = {isa = PBXBuildFile; fileRef = 4CDC57B4245F600900BE487E /* UIViewController+Navigation.swift */; };
		4CDC57B7245F644E00BE487E /* TabBarController.swift in Sources */ = {isa = PBXBuildFile; fileRef = 4CDC57B6245F644E00BE487E /* TabBarController.swift */; };
		FC793DC7753A8AB12D4A5DAF /* Pods_UpSpace.framework in Frameworks */ = {isa = PBXBuildFile; fileRef = AB42B730D2E2A91828699B41 /* Pods_UpSpace.framework */; };
/* End PBXBuildFile section */

/* Begin PBXFileReference section */
		4C0BB75923140862005B16C4 /* InfoLaunchViewController.swift */ = {isa = PBXFileReference; lastKnownFileType = sourcecode.swift; path = InfoLaunchViewController.swift; sourceTree = "<group>"; };
		4C0BB764231545A0005B16C4 /* PreviousLaunchAPI.swift */ = {isa = PBXFileReference; lastKnownFileType = sourcecode.swift; path = PreviousLaunchAPI.swift; sourceTree = "<group>"; };
		4C0BB76623154754005B16C4 /* PreviousLaunchesViewModel.swift */ = {isa = PBXFileReference; lastKnownFileType = sourcecode.swift; path = PreviousLaunchesViewModel.swift; sourceTree = "<group>"; };
		4C0BB76823154CF3005B16C4 /* Location.swift */ = {isa = PBXFileReference; lastKnownFileType = sourcecode.swift; path = Location.swift; sourceTree = "<group>"; };
		4C0C195F23171675005D4C5F /* LaunchesTabmanViewController.swift */ = {isa = PBXFileReference; lastKnownFileType = sourcecode.swift; path = LaunchesTabmanViewController.swift; sourceTree = "<group>"; };
		4C0F743D2462B8A7001D59E8 /* ObserverType+asVoid.swift */ = {isa = PBXFileReference; lastKnownFileType = sourcecode.swift; path = "ObserverType+asVoid.swift"; sourceTree = "<group>"; };
		4C0F74422462C305001D59E8 /* Device+Extensions.swift */ = {isa = PBXFileReference; lastKnownFileType = sourcecode.swift; path = "Device+Extensions.swift"; sourceTree = "<group>"; };
		4C0F74482462FC8C001D59E8 /* CosmosActivityView.swift */ = {isa = PBXFileReference; lastKnownFileType = sourcecode.swift; path = CosmosActivityView.swift; sourceTree = "<group>"; };
		4C38B6062461D44600CF7485 /* UITableView+Bottom.swift */ = {isa = PBXFileReference; lastKnownFileType = sourcecode.swift; path = "UITableView+Bottom.swift"; sourceTree = "<group>"; };
		4C3DB01424602220003D413C /* UITableView+CosmosTableView.swift */ = {isa = PBXFileReference; lastKnownFileType = sourcecode.swift; path = "UITableView+CosmosTableView.swift"; sourceTree = "<group>"; };
		4C3DB01624602394003D413C /* BaseTableViewController.swift */ = {isa = PBXFileReference; lastKnownFileType = sourcecode.swift; path = BaseTableViewController.swift; sourceTree = "<group>"; };
		4C4C66E2246082A800E8068D /* String+Constants.swift */ = {isa = PBXFileReference; lastKnownFileType = sourcecode.swift; path = "String+Constants.swift"; sourceTree = "<group>"; };
		4C4C66E52460833200E8068D /* CGFloat+Constants.swift */ = {isa = PBXFileReference; lastKnownFileType = sourcecode.swift; path = "CGFloat+Constants.swift"; sourceTree = "<group>"; };
		4C4C66E82460864600E8068D /* UIFont+Fonts.swift */ = {isa = PBXFileReference; lastKnownFileType = sourcecode.swift; path = "UIFont+Fonts.swift"; sourceTree = "<group>"; };
		4C593099245EA7E000DDFEDD /* BaseInitializableCell.swift */ = {isa = PBXFileReference; lastKnownFileType = sourcecode.swift; path = BaseInitializableCell.swift; sourceTree = "<group>"; };
		4C5930A2245EACAC00DDFEDD /* NextLaunchCell.swift */ = {isa = PBXFileReference; lastKnownFileType = sourcecode.swift; path = NextLaunchCell.swift; sourceTree = "<group>"; };
		4C5930A8245EADAD00DDFEDD /* NextLaunchCellViewModel.swift */ = {isa = PBXFileReference; lastKnownFileType = sourcecode.swift; path = NextLaunchCellViewModel.swift; sourceTree = "<group>"; };
		4C5930AA245EB22E00DDFEDD /* UIImage+Images.swift */ = {isa = PBXFileReference; lastKnownFileType = sourcecode.swift; path = "UIImage+Images.swift"; sourceTree = "<group>"; };
		4C5930B2245EBEC300DDFEDD /* TableSection+Extensions.swift */ = {isa = PBXFileReference; lastKnownFileType = sourcecode.swift; path = "TableSection+Extensions.swift"; sourceTree = "<group>"; };
		4C67D9DF2461741D0091F20E /* BaseTableViewModel.swift */ = {isa = PBXFileReference; lastKnownFileType = sourcecode.swift; path = BaseTableViewModel.swift; sourceTree = "<group>"; };
		4C6A393A231FC999007B043D /* LaunchesViewModel.swift */ = {isa = PBXFileReference; lastKnownFileType = sourcecode.swift; path = LaunchesViewModel.swift; sourceTree = "<group>"; };
		4C6BE27025284BAA0062A6B3 /* ViewModel.swift */ = {isa = PBXFileReference; lastKnownFileType = sourcecode.swift; path = ViewModel.swift; sourceTree = "<group>"; };
		4C6C1F96231BE00B00C7120F /* Mission.swift */ = {isa = PBXFileReference; lastKnownFileType = sourcecode.swift; path = Mission.swift; sourceTree = "<group>"; };
		4C6C1F98231BE04500C7120F /* Lsp.swift */ = {isa = PBXFileReference; lastKnownFileType = sourcecode.swift; path = Lsp.swift; sourceTree = "<group>"; };
		4C6C1FA2231D1B0200C7120F /* InfoLaunchHeaderCell.swift */ = {isa = PBXFileReference; lastKnownFileType = sourcecode.swift; path = InfoLaunchHeaderCell.swift; sourceTree = "<group>"; };
		4C6C1FA6231D280000C7120F /* InfoMainCell.swift */ = {isa = PBXFileReference; lastKnownFileType = sourcecode.swift; path = InfoMainCell.swift; sourceTree = "<group>"; };
		4C776CF2230EB96C00025B08 /* UpSpace.app */ = {isa = PBXFileReference; explicitFileType = wrapper.application; includeInIndex = 0; path = UpSpace.app; sourceTree = BUILT_PRODUCTS_DIR; };
		4C776CF5230EB96C00025B08 /* AppDelegate.swift */ = {isa = PBXFileReference; lastKnownFileType = sourcecode.swift; path = AppDelegate.swift; sourceTree = "<group>"; };
		4C776CF7230EB96C00025B08 /* LaunchesViewController.swift */ = {isa = PBXFileReference; lastKnownFileType = sourcecode.swift; path = LaunchesViewController.swift; sourceTree = "<group>"; };
		4C776CFC230EB96D00025B08 /* Assets.xcassets */ = {isa = PBXFileReference; lastKnownFileType = folder.assetcatalog; path = Assets.xcassets; sourceTree = "<group>"; };
		4C776CFF230EB96D00025B08 /* Base */ = {isa = PBXFileReference; lastKnownFileType = file.storyboard; name = Base; path = Base.lproj/LaunchScreen.storyboard; sourceTree = "<group>"; };
		4C776D01230EB96D00025B08 /* Info.plist */ = {isa = PBXFileReference; lastKnownFileType = text.plist.xml; path = Info.plist; sourceTree = "<group>"; };
		4C776D16230EB9ED00025B08 /* NextLaunchesViewModel.swift */ = {isa = PBXFileReference; lastKnownFileType = sourcecode.swift; path = NextLaunchesViewModel.swift; sourceTree = "<group>"; };
		4C776D1C230EC1F500025B08 /* NetworkService.swift */ = {isa = PBXFileReference; lastKnownFileType = sourcecode.swift; path = NetworkService.swift; sourceTree = "<group>"; };
		4C776D1F230EC4A400025B08 /* LaunchLibraryAPI.swift */ = {isa = PBXFileReference; lastKnownFileType = sourcecode.swift; path = LaunchLibraryAPI.swift; sourceTree = "<group>"; };
		4C776D22230EC60600025B08 /* NextLaunchAPI.swift */ = {isa = PBXFileReference; lastKnownFileType = sourcecode.swift; path = NextLaunchAPI.swift; sourceTree = "<group>"; };
		4C776D24230EC8CA00025B08 /* LaunchList.swift */ = {isa = PBXFileReference; lastKnownFileType = sourcecode.swift; path = LaunchList.swift; sourceTree = "<group>"; };
		4C776D27230EC9F800025B08 /* Launch.swift */ = {isa = PBXFileReference; lastKnownFileType = sourcecode.swift; path = Launch.swift; sourceTree = "<group>"; };
		4C776D29230ECA2800025B08 /* LaunchesService.swift */ = {isa = PBXFileReference; lastKnownFileType = sourcecode.swift; path = LaunchesService.swift; sourceTree = "<group>"; };
		4C776D2B230ECDB600025B08 /* URL+GenerateFromComponents.swift */ = {isa = PBXFileReference; lastKnownFileType = sourcecode.swift; path = "URL+GenerateFromComponents.swift"; sourceTree = "<group>"; };
		4C776D2E230F061500025B08 /* DateFormatterAPI.swift */ = {isa = PBXFileReference; lastKnownFileType = sourcecode.swift; path = DateFormatterAPI.swift; sourceTree = "<group>"; };
		4C7F82EC2527B76E0092482D /* UIRefreshControl+Color.swift */ = {isa = PBXFileReference; lastKnownFileType = sourcecode.swift; path = "UIRefreshControl+Color.swift"; sourceTree = "<group>"; };
		4C7F82F22527B8070092482D /* UIActivityIndicatorView+Extentions.swift */ = {isa = PBXFileReference; lastKnownFileType = sourcecode.swift; path = "UIActivityIndicatorView+Extentions.swift"; sourceTree = "<group>"; };
		4C7F83692527C5330092482D /* UpSpacePlaceholderView.swift */ = {isa = PBXFileReference; lastKnownFileType = sourcecode.swift; path = UpSpacePlaceholderView.swift; sourceTree = "<group>"; };
		4C7F836C2527C5670092482D /* String+Titles.swift */ = {isa = PBXFileReference; lastKnownFileType = sourcecode.swift; path = "String+Titles.swift"; sourceTree = "<group>"; };
		4C7FAE432312611300BD136C /* TodayLaunchAPI.swift */ = {isa = PBXFileReference; lastKnownFileType = sourcecode.swift; path = TodayLaunchAPI.swift; sourceTree = "<group>"; };
		4CABD00C23336BB7005D2D1D /* TimeCellViewModel.swift */ = {isa = PBXFileReference; lastKnownFileType = sourcecode.swift; path = TimeCellViewModel.swift; sourceTree = "<group>"; };
		4CABD00E233370EF005D2D1D /* InfoTimeCell.swift */ = {isa = PBXFileReference; lastKnownFileType = sourcecode.swift; path = InfoTimeCell.swift; sourceTree = "<group>"; };
		4CC812C42316624C009208A7 /* Pad.swift */ = {isa = PBXFileReference; lastKnownFileType = sourcecode.swift; path = Pad.swift; sourceTree = "<group>"; };
		4CD37067231280F100187903 /* TodayLaunchesService.swift */ = {isa = PBXFileReference; lastKnownFileType = sourcecode.swift; path = TodayLaunchesService.swift; sourceTree = "<group>"; };
		4CD370692312815E00187903 /* LaunchListProtocol.swift */ = {isa = PBXFileReference; lastKnownFileType = sourcecode.swift; path = LaunchListProtocol.swift; sourceTree = "<group>"; };
		4CD370742312C06B00187903 /* CountryCodes.swift */ = {isa = PBXFileReference; lastKnownFileType = sourcecode.swift; path = CountryCodes.swift; sourceTree = "<group>"; };
		4CDC57AA245F598F00BE487E /* UIColor+Colors.swift */ = {isa = PBXFileReference; lastKnownFileType = sourcecode.swift; path = "UIColor+Colors.swift"; sourceTree = "<group>"; };
		4CDC57B0245F5EF500BE487E /* CosmosNavigationController.swift */ = {isa = PBXFileReference; lastKnownFileType = sourcecode.swift; path = CosmosNavigationController.swift; sourceTree = "<group>"; };
		4CDC57B4245F600900BE487E /* UIViewController+Navigation.swift */ = {isa = PBXFileReference; lastKnownFileType = sourcecode.swift; path = "UIViewController+Navigation.swift"; sourceTree = "<group>"; };
		4CDC57B6245F644E00BE487E /* TabBarController.swift */ = {isa = PBXFileReference; lastKnownFileType = sourcecode.swift; path = TabBarController.swift; sourceTree = "<group>"; };
		A077CEB040C1A26F70DB5155 /* Pods-UpSpace.release.xcconfig */ = {isa = PBXFileReference; includeInIndex = 1; lastKnownFileType = text.xcconfig; name = "Pods-UpSpace.release.xcconfig"; path = "Target Support Files/Pods-UpSpace/Pods-UpSpace.release.xcconfig"; sourceTree = "<group>"; };
		AB42B730D2E2A91828699B41 /* Pods_UpSpace.framework */ = {isa = PBXFileReference; explicitFileType = wrapper.framework; includeInIndex = 0; path = Pods_UpSpace.framework; sourceTree = BUILT_PRODUCTS_DIR; };
		F2B08CB1F5F1AE5DCB46E8CD /* Pods-UpSpace.debug.xcconfig */ = {isa = PBXFileReference; includeInIndex = 1; lastKnownFileType = text.xcconfig; name = "Pods-UpSpace.debug.xcconfig"; path = "Target Support Files/Pods-UpSpace/Pods-UpSpace.debug.xcconfig"; sourceTree = "<group>"; };
/* End PBXFileReference section */

/* Begin PBXFrameworksBuildPhase section */
		4C776CEF230EB96C00025B08 /* Frameworks */ = {
			isa = PBXFrameworksBuildPhase;
			buildActionMask = 2147483647;
			files = (
				4C7F8375252845030092482D /* TIUIElements in Frameworks */,
				4C7F8371252845030092482D /* TIFoundationUtils in Frameworks */,
				FC793DC7753A8AB12D4A5DAF /* Pods_UpSpace.framework in Frameworks */,
				4C7F8373252845030092482D /* TITransitions in Frameworks */,
			);
			runOnlyForDeploymentPostprocessing = 0;
		};
/* End PBXFrameworksBuildPhase section */

/* Begin PBXGroup section */
		4C0BB75B23140880005B16C4 /* InfoLaunchViewController */ = {
			isa = PBXGroup;
			children = (
				4C0BB75923140862005B16C4 /* InfoLaunchViewController.swift */,
			);
			path = InfoLaunchViewController;
			sourceTree = "<group>";
		};
		4C0BB76A23155466005B16C4 /* ViewModels */ = {
			isa = PBXGroup;
			children = (
				4C776D16230EB9ED00025B08 /* NextLaunchesViewModel.swift */,
				4C0BB76623154754005B16C4 /* PreviousLaunchesViewModel.swift */,
				4C6A393A231FC999007B043D /* LaunchesViewModel.swift */,
			);
			path = ViewModels;
			sourceTree = "<group>";
		};
		4C0F743F2462BB27001D59E8 /* Rx */ = {
			isa = PBXGroup;
			children = (
				4C0F74402462BB38001D59E8 /* ObserverType */,
			);
			path = Rx;
			sourceTree = "<group>";
		};
		4C0F74402462BB38001D59E8 /* ObserverType */ = {
			isa = PBXGroup;
			children = (
				4C0F743D2462B8A7001D59E8 /* ObserverType+asVoid.swift */,
			);
			path = ObserverType;
			sourceTree = "<group>";
		};
		4C0F74442462F9CD001D59E8 /* DeviceKit */ = {
			isa = PBXGroup;
			children = (
				4C0F74422462C305001D59E8 /* Device+Extensions.swift */,
			);
			path = DeviceKit;
			sourceTree = "<group>";
		};
		4C4C66DA2460810300E8068D /* UIKit */ = {
			isa = PBXGroup;
			children = (
				4C4C66DE2460812A00E8068D /* UIViewController */,
				4C4C66DF2460813200E8068D /* UITableView */,
				4C4C66EA2460864A00E8068D /* UIFont */,
				4C7F82EF2527B77F0092482D /* UIRefreshControl */,
				4C7F82F52527B8210092482D /* UIActivityIndicatorView */,
			);
			path = UIKit;
			sourceTree = "<group>";
		};
		4C4C66DB2460810C00E8068D /* TableKit */ = {
			isa = PBXGroup;
			children = (
				4C5930B2245EBEC300DDFEDD /* TableSection+Extensions.swift */,
			);
			path = TableKit;
			sourceTree = "<group>";
		};
		4C4C66DC2460811A00E8068D /* Foundation */ = {
			isa = PBXGroup;
			children = (
				4C4C66E12460829D00E8068D /* URL */,
				4C4C66E4246082AC00E8068D /* String */,
				4C4C66E72460833500E8068D /* CGFloat */,
			);
			path = Foundation;
			sourceTree = "<group>";
		};
		4C4C66DE2460812A00E8068D /* UIViewController */ = {
			isa = PBXGroup;
			children = (
				4CDC57B4245F600900BE487E /* UIViewController+Navigation.swift */,
			);
			path = UIViewController;
			sourceTree = "<group>";
		};
		4C4C66DF2460813200E8068D /* UITableView */ = {
			isa = PBXGroup;
			children = (
				4C38B6062461D44600CF7485 /* UITableView+Bottom.swift */,
				4C3DB01424602220003D413C /* UITableView+CosmosTableView.swift */,
			);
			path = UITableView;
			sourceTree = "<group>";
		};
		4C4C66E12460829D00E8068D /* URL */ = {
			isa = PBXGroup;
			children = (
				4C776D2B230ECDB600025B08 /* URL+GenerateFromComponents.swift */,
			);
			path = URL;
			sourceTree = "<group>";
		};
		4C4C66E4246082AC00E8068D /* String */ = {
			isa = PBXGroup;
			children = (
				4C4C66E2246082A800E8068D /* String+Constants.swift */,
				4C7F836C2527C5670092482D /* String+Titles.swift */,
			);
			path = String;
			sourceTree = "<group>";
		};
		4C4C66E72460833500E8068D /* CGFloat */ = {
			isa = PBXGroup;
			children = (
				4C4C66E52460833200E8068D /* CGFloat+Constants.swift */,
			);
			path = CGFloat;
			sourceTree = "<group>";
		};
		4C4C66EA2460864A00E8068D /* UIFont */ = {
			isa = PBXGroup;
			children = (
				4C4C66E82460864600E8068D /* UIFont+Fonts.swift */,
			);
			path = UIFont;
			sourceTree = "<group>";
		};
		4C593098245EA69300DDFEDD /* Views */ = {
			isa = PBXGroup;
			children = (
				4C6B02B42465A4A10090C652 /* CosmosActivityView */,
				4C6BE27625284BD90062A6B3 /* UpSpacePlaceholderView */,
			);
			path = Views;
			sourceTree = "<group>";
		};
		4C5930A7245EADA000DDFEDD /* NextLaunchCell */ = {
			isa = PBXGroup;
			children = (
				4C5930A2245EACAC00DDFEDD /* NextLaunchCell.swift */,
				4C5930A8245EADAD00DDFEDD /* NextLaunchCellViewModel.swift */,
			);
			path = NextLaunchCell;
			sourceTree = "<group>";
		};
		4C5930AD245EB24300DDFEDD /* Images */ = {
			isa = PBXGroup;
			children = (
				4C5930AA245EB22E00DDFEDD /* UIImage+Images.swift */,
			);
			path = Images;
			sourceTree = "<group>";
		};
		4C5930AE245EBA4200DDFEDD /* Cells */ = {
			isa = PBXGroup;
			children = (
				4C5930AF245EBA4B00DDFEDD /* Base */,
				4C6C1FA0231D1AE200C7120F /* InfoLaunchHeaderCell */,
				4CABD00923336AB9005D2D1D /* InfoMainCell */,
				4CABD0102333A64D005D2D1D /* InfoTimeCell */,
				4C5930A7245EADA000DDFEDD /* NextLaunchCell */,
			);
			path = Cells;
			sourceTree = "<group>";
		};
		4C5930AF245EBA4B00DDFEDD /* Base */ = {
			isa = PBXGroup;
			children = (
				4C593099245EA7E000DDFEDD /* BaseInitializableCell.swift */,
			);
			path = Base;
			sourceTree = "<group>";
		};
		4C6B02B42465A4A10090C652 /* CosmosActivityView */ = {
			isa = PBXGroup;
			children = (
				4C0F74482462FC8C001D59E8 /* CosmosActivityView.swift */,
			);
			path = CosmosActivityView;
			sourceTree = "<group>";
		};
		4C6BE27325284BC70062A6B3 /* Protocols */ = {
			isa = PBXGroup;
			children = (
				4C6BE27025284BAA0062A6B3 /* ViewModel.swift */,
			);
			path = Protocols;
			sourceTree = "<group>";
		};
		4C6BE27625284BD90062A6B3 /* UpSpacePlaceholderView */ = {
			isa = PBXGroup;
			children = (
				4C7F83692527C5330092482D /* UpSpacePlaceholderView.swift */,
			);
			path = UpSpacePlaceholderView;
			sourceTree = "<group>";
		};
		4C6C1FA0231D1AE200C7120F /* InfoLaunchHeaderCell */ = {
			isa = PBXGroup;
			children = (
				4C6C1FA2231D1B0200C7120F /* InfoLaunchHeaderCell.swift */,
			);
			path = InfoLaunchHeaderCell;
			sourceTree = "<group>";
		};
		4C776CE9230EB96C00025B08 = {
			isa = PBXGroup;
			children = (
				4C776CF4230EB96C00025B08 /* UpSpace */,
				4C776CF3230EB96C00025B08 /* Products */,
				6B35D3C21A705BFDCD084860 /* Pods */,
				8E66FAE7CF079EDBF15B04D2 /* Frameworks */,
			);
			sourceTree = "<group>";
		};
		4C776CF3230EB96C00025B08 /* Products */ = {
			isa = PBXGroup;
			children = (
				4C776CF2230EB96C00025B08 /* UpSpace.app */,
			);
			name = Products;
			sourceTree = "<group>";
		};
		4C776CF4230EB96C00025B08 /* UpSpace */ = {
			isa = PBXGroup;
			children = (
				4C776CF5230EB96C00025B08 /* AppDelegate.swift */,
				4C776D2D230ECF0F00025B08 /* Extension */,
				4C776D26230EC8CD00025B08 /* Model */,
				4C776D21230EC4AE00025B08 /* API */,
				4C776D1E230EC1FC00025B08 /* Service */,
				4C776D15230EB98D00025B08 /* Controller */,
				4C593098245EA69300DDFEDD /* Views */,
				4C5930AE245EBA4200DDFEDD /* Cells */,
				4C7F839D25284A4D0092482D /* Resources */,
				4C6BE27325284BC70062A6B3 /* Protocols */,
			);
			path = UpSpace;
			sourceTree = "<group>";
		};
		4C776D15230EB98D00025B08 /* Controller */ = {
			isa = PBXGroup;
			children = (
				4CEE2790246033DE00F974FD /* BaseTableViewController */,
				4C0BB75B23140880005B16C4 /* InfoLaunchViewController */,
				4C776D1A230EBA0700025B08 /* LaunchesViewController */,
				4CDC57B2245F5F0F00BE487E /* CosmosNavigationController.swift */,
				4CDC57BA245FDB1E00BE487E /* TabBarController */,
			);
			path = Controller;
			sourceTree = "<group>";
		};
		4C776D1A230EBA0700025B08 /* LaunchesViewController */ = {
			isa = PBXGroup;
			children = (
				4C0BB76A23155466005B16C4 /* ViewModels */,
				4C0C195F23171675005D4C5F /* LaunchesTabmanViewController.swift */,
				4C776CF7230EB96C00025B08 /* LaunchesViewController.swift */,
			);
			path = LaunchesViewController;
			sourceTree = "<group>";
		};
		4C776D1E230EC1FC00025B08 /* Service */ = {
			isa = PBXGroup;
			children = (
				4C776D1C230EC1F500025B08 /* NetworkService.swift */,
				4CD37067231280F100187903 /* TodayLaunchesService.swift */,
				4C776D29230ECA2800025B08 /* LaunchesService.swift */,
			);
			path = Service;
			sourceTree = "<group>";
		};
		4C776D21230EC4AE00025B08 /* API */ = {
			isa = PBXGroup;
			children = (
				4CD3706D2312854A00187903 /* Launch */,
				4C776D2E230F061500025B08 /* DateFormatterAPI.swift */,
			);
			path = API;
			sourceTree = "<group>";
		};
		4C776D26230EC8CD00025B08 /* Model */ = {
			isa = PBXGroup;
			children = (
				4CD3706E2312858200187903 /* Protocol */,
				4CD3706F2312858F00187903 /* Response */,
			);
			path = Model;
			sourceTree = "<group>";
		};
		4C776D2D230ECF0F00025B08 /* Extension */ = {
			isa = PBXGroup;
			children = (
				4CDC57AC245F59AE00BE487E /* Colors */,
				4C5930AD245EB24300DDFEDD /* Images */,
				4C4C66DC2460811A00E8068D /* Foundation */,
				4C4C66DB2460810C00E8068D /* TableKit */,
				4C4C66DA2460810300E8068D /* UIKit */,
				4C0F743F2462BB27001D59E8 /* Rx */,
				4C0F74442462F9CD001D59E8 /* DeviceKit */,
			);
			path = Extension;
			sourceTree = "<group>";
		};
		4C7F82EF2527B77F0092482D /* UIRefreshControl */ = {
			isa = PBXGroup;
			children = (
				4C7F82EC2527B76E0092482D /* UIRefreshControl+Color.swift */,
			);
			path = UIRefreshControl;
			sourceTree = "<group>";
		};
		4C7F82F52527B8210092482D /* UIActivityIndicatorView */ = {
			isa = PBXGroup;
			children = (
				4C7F82F22527B8070092482D /* UIActivityIndicatorView+Extentions.swift */,
			);
			path = UIActivityIndicatorView;
			sourceTree = "<group>";
		};
		4C7F839D25284A4D0092482D /* Resources */ = {
			isa = PBXGroup;
			children = (
				4C776CFC230EB96D00025B08 /* Assets.xcassets */,
				4C776CFE230EB96D00025B08 /* LaunchScreen.storyboard */,
				4C776D01230EB96D00025B08 /* Info.plist */,
			);
			path = Resources;
			sourceTree = "<group>";
		};
		4CABD00923336AB9005D2D1D /* InfoMainCell */ = {
			isa = PBXGroup;
			children = (
				4C6C1FA6231D280000C7120F /* InfoMainCell.swift */,
			);
			path = InfoMainCell;
			sourceTree = "<group>";
		};
		4CABD0102333A64D005D2D1D /* InfoTimeCell */ = {
			isa = PBXGroup;
			children = (
				4CABD00E233370EF005D2D1D /* InfoTimeCell.swift */,
				4CABD00C23336BB7005D2D1D /* TimeCellViewModel.swift */,
			);
			path = InfoTimeCell;
			sourceTree = "<group>";
		};
		4CD3706C2312854300187903 /* Protocol */ = {
			isa = PBXGroup;
			children = (
				4C776D1F230EC4A400025B08 /* LaunchLibraryAPI.swift */,
			);
			path = Protocol;
			sourceTree = "<group>";
		};
		4CD3706D2312854A00187903 /* Launch */ = {
			isa = PBXGroup;
			children = (
				4CD3706C2312854300187903 /* Protocol */,
				4C776D22230EC60600025B08 /* NextLaunchAPI.swift */,
				4C0BB764231545A0005B16C4 /* PreviousLaunchAPI.swift */,
				4C7FAE432312611300BD136C /* TodayLaunchAPI.swift */,
				4CD370742312C06B00187903 /* CountryCodes.swift */,
			);
			path = Launch;
			sourceTree = "<group>";
		};
		4CD3706E2312858200187903 /* Protocol */ = {
			isa = PBXGroup;
			children = (
				4CD370692312815E00187903 /* LaunchListProtocol.swift */,
			);
			path = Protocol;
			sourceTree = "<group>";
		};
		4CD3706F2312858F00187903 /* Response */ = {
			isa = PBXGroup;
			children = (
				4C776D24230EC8CA00025B08 /* LaunchList.swift */,
				4C776D27230EC9F800025B08 /* Launch.swift */,
				4C6C1F96231BE00B00C7120F /* Mission.swift */,
				4C6C1F98231BE04500C7120F /* Lsp.swift */,
				4C0BB76823154CF3005B16C4 /* Location.swift */,
				4CC812C42316624C009208A7 /* Pad.swift */,
			);
			path = Response;
			sourceTree = "<group>";
		};
		4CDC57AC245F59AE00BE487E /* Colors */ = {
			isa = PBXGroup;
			children = (
				4CDC57AA245F598F00BE487E /* UIColor+Colors.swift */,
			);
			path = Colors;
			sourceTree = "<group>";
		};
		4CDC57B2245F5F0F00BE487E /* CosmosNavigationController.swift */ = {
			isa = PBXGroup;
			children = (
				4CDC57B0245F5EF500BE487E /* CosmosNavigationController.swift */,
			);
			path = CosmosNavigationController.swift;
			sourceTree = "<group>";
		};
		4CDC57BA245FDB1E00BE487E /* TabBarController */ = {
			isa = PBXGroup;
			children = (
				4CDC57B6245F644E00BE487E /* TabBarController.swift */,
			);
			path = TabBarController;
			sourceTree = "<group>";
		};
		4CEE2790246033DE00F974FD /* BaseTableViewController */ = {
			isa = PBXGroup;
			children = (
				4C3DB01624602394003D413C /* BaseTableViewController.swift */,
				4C67D9DF2461741D0091F20E /* BaseTableViewModel.swift */,
			);
			path = BaseTableViewController;
			sourceTree = "<group>";
		};
		6B35D3C21A705BFDCD084860 /* Pods */ = {
			isa = PBXGroup;
			children = (
				F2B08CB1F5F1AE5DCB46E8CD /* Pods-UpSpace.debug.xcconfig */,
				A077CEB040C1A26F70DB5155 /* Pods-UpSpace.release.xcconfig */,
			);
			path = Pods;
			sourceTree = "<group>";
		};
		8E66FAE7CF079EDBF15B04D2 /* Frameworks */ = {
			isa = PBXGroup;
			children = (
				AB42B730D2E2A91828699B41 /* Pods_UpSpace.framework */,
			);
			name = Frameworks;
			sourceTree = "<group>";
		};
/* End PBXGroup section */

/* Begin PBXNativeTarget section */
		4C776CF1230EB96C00025B08 /* UpSpace */ = {
			isa = PBXNativeTarget;
			buildConfigurationList = 4C776D0F230EB96D00025B08 /* Build configuration list for PBXNativeTarget "UpSpace" */;
			buildPhases = (
				F95AEE136B0B7B041433D3C8 /* [CP] Check Pods Manifest.lock */,
				4C776CEE230EB96C00025B08 /* Sources */,
				4C776CEF230EB96C00025B08 /* Frameworks */,
				4C776CF0230EB96C00025B08 /* Resources */,
				4C776D1B230EBB2F00025B08 /* Swiftlint */,
				C7DD0E58629D0D10B6103045 /* [CP] Embed Pods Frameworks */,
			);
			buildRules = (
			);
			dependencies = (
			);
			name = UpSpace;
			packageProductDependencies = (
				4C7F8370252845030092482D /* TIFoundationUtils */,
				4C7F8372252845030092482D /* TITransitions */,
				4C7F8374252845030092482D /* TIUIElements */,
			);
			productName = UpSpace;
			productReference = 4C776CF2230EB96C00025B08 /* UpSpace.app */;
			productType = "com.apple.product-type.application";
		};
/* End PBXNativeTarget section */

/* Begin PBXProject section */
		4C776CEA230EB96C00025B08 /* Project object */ = {
			isa = PBXProject;
			attributes = {
				LastSwiftUpdateCheck = 1030;
				LastUpgradeCheck = 1200;
				ORGANIZATIONNAME = "Vlad Suhomlinov";
				TargetAttributes = {
					4C776CF1230EB96C00025B08 = {
						CreatedOnToolsVersion = 10.3;
					};
				};
			};
			buildConfigurationList = 4C776CED230EB96C00025B08 /* Build configuration list for PBXProject "UpSpace" */;
			compatibilityVersion = "Xcode 9.3";
			developmentRegion = en;
			hasScannedForEncodings = 0;
			knownRegions = (
				en,
				Base,
			);
			mainGroup = 4C776CE9230EB96C00025B08;
			packageReferences = (
				4C7F836F252845030092482D /* XCRemoteSwiftPackageReference "LeadKit" */,
			);
			productRefGroup = 4C776CF3230EB96C00025B08 /* Products */;
			projectDirPath = "";
			projectRoot = "";
			targets = (
				4C776CF1230EB96C00025B08 /* UpSpace */,
			);
		};
/* End PBXProject section */

/* Begin PBXResourcesBuildPhase section */
		4C776CF0230EB96C00025B08 /* Resources */ = {
			isa = PBXResourcesBuildPhase;
			buildActionMask = 2147483647;
			files = (
				4C776D00230EB96D00025B08 /* LaunchScreen.storyboard in Resources */,
				4C776CFD230EB96D00025B08 /* Assets.xcassets in Resources */,
			);
			runOnlyForDeploymentPostprocessing = 0;
		};
/* End PBXResourcesBuildPhase section */

/* Begin PBXShellScriptBuildPhase section */
		4C776D1B230EBB2F00025B08 /* Swiftlint */ = {
			isa = PBXShellScriptBuildPhase;
			buildActionMask = 2147483647;
			files = (
			);
			inputFileListPaths = (
			);
			inputPaths = (
			);
			name = Swiftlint;
			outputFileListPaths = (
			);
			outputPaths = (
			);
			runOnlyForDeploymentPostprocessing = 0;
			shellPath = /bin/sh;
			shellScript = "swiftlint autocorrect\n\"${PODS_ROOT}/SwiftLint/swiftlint\"\n";
		};
		C7DD0E58629D0D10B6103045 /* [CP] Embed Pods Frameworks */ = {
			isa = PBXShellScriptBuildPhase;
			buildActionMask = 2147483647;
			files = (
			);
			inputFileListPaths = (
				"${PODS_ROOT}/Target Support Files/Pods-UpSpace/Pods-UpSpace-frameworks-${CONFIGURATION}-input-files.xcfilelist",
			);
			name = "[CP] Embed Pods Frameworks";
			outputFileListPaths = (
				"${PODS_ROOT}/Target Support Files/Pods-UpSpace/Pods-UpSpace-frameworks-${CONFIGURATION}-output-files.xcfilelist",
			);
			runOnlyForDeploymentPostprocessing = 0;
			shellPath = /bin/sh;
			shellScript = "\"${PODS_ROOT}/Target Support Files/Pods-UpSpace/Pods-UpSpace-frameworks.sh\"\n";
			showEnvVarsInLog = 0;
		};
		F95AEE136B0B7B041433D3C8 /* [CP] Check Pods Manifest.lock */ = {
			isa = PBXShellScriptBuildPhase;
			buildActionMask = 2147483647;
			files = (
			);
			inputFileListPaths = (
			);
			inputPaths = (
				"${PODS_PODFILE_DIR_PATH}/Podfile.lock",
				"${PODS_ROOT}/Manifest.lock",
			);
			name = "[CP] Check Pods Manifest.lock";
			outputFileListPaths = (
			);
			outputPaths = (
				"$(DERIVED_FILE_DIR)/Pods-UpSpace-checkManifestLockResult.txt",
			);
			runOnlyForDeploymentPostprocessing = 0;
			shellPath = /bin/sh;
			shellScript = "diff \"${PODS_PODFILE_DIR_PATH}/Podfile.lock\" \"${PODS_ROOT}/Manifest.lock\" > /dev/null\nif [ $? != 0 ] ; then\n    # print error to STDERR\n    echo \"error: The sandbox is not in sync with the Podfile.lock. Run 'pod install' or update your CocoaPods installation.\" >&2\n    exit 1\nfi\n# This output is used by Xcode 'outputs' to avoid re-running this script phase.\necho \"SUCCESS\" > \"${SCRIPT_OUTPUT_FILE_0}\"\n";
			showEnvVarsInLog = 0;
		};
/* End PBXShellScriptBuildPhase section */

/* Begin PBXSourcesBuildPhase section */
		4C776CEE230EB96C00025B08 /* Sources */ = {
			isa = PBXSourcesBuildPhase;
			buildActionMask = 2147483647;
			files = (
				4C0F743E2462B8A7001D59E8 /* ObserverType+asVoid.swift in Sources */,
				4C7F836D2527C5670092482D /* String+Titles.swift in Sources */,
				4C776D2C230ECDB600025B08 /* URL+GenerateFromComponents.swift in Sources */,
				4C0F74432462C305001D59E8 /* Device+Extensions.swift in Sources */,
				4CDC57B7245F644E00BE487E /* TabBarController.swift in Sources */,
				4C776D2F230F061500025B08 /* DateFormatterAPI.swift in Sources */,
				4C776D23230EC60600025B08 /* NextLaunchAPI.swift in Sources */,
				4CDC57B1245F5EF600BE487E /* CosmosNavigationController.swift in Sources */,
				4C3DB01524602220003D413C /* UITableView+CosmosTableView.swift in Sources */,
				4C38B6072461D44600CF7485 /* UITableView+Bottom.swift in Sources */,
				4CABD00F233370EF005D2D1D /* InfoTimeCell.swift in Sources */,
				4C0BB765231545A0005B16C4 /* PreviousLaunchAPI.swift in Sources */,
				4C0BB75A23140862005B16C4 /* InfoLaunchViewController.swift in Sources */,
				4C4C66E3246082A800E8068D /* String+Constants.swift in Sources */,
				4CC812C52316624C009208A7 /* Pad.swift in Sources */,
				4C0BB76923154CF3005B16C4 /* Location.swift in Sources */,
				4CABD00D23336BB7005D2D1D /* TimeCellViewModel.swift in Sources */,
				4C4C66E62460833200E8068D /* CGFloat+Constants.swift in Sources */,
				4C6C1FA3231D1B0200C7120F /* InfoLaunchHeaderCell.swift in Sources */,
				4C776D1D230EC1F500025B08 /* NetworkService.swift in Sources */,
				4CD370752312C06B00187903 /* CountryCodes.swift in Sources */,
				4C6C1FA7231D280000C7120F /* InfoMainCell.swift in Sources */,
				4CD3706A2312815E00187903 /* LaunchListProtocol.swift in Sources */,
				4C6BE27125284BAA0062A6B3 /* ViewModel.swift in Sources */,
				4C5930A3245EACAC00DDFEDD /* NextLaunchCell.swift in Sources */,
				4C7FAE442312611300BD136C /* TodayLaunchAPI.swift in Sources */,
				4C7F82ED2527B76E0092482D /* UIRefreshControl+Color.swift in Sources */,
				4C6A393B231FC999007B043D /* LaunchesViewModel.swift in Sources */,
				4CDC57B5245F600900BE487E /* UIViewController+Navigation.swift in Sources */,
				4C776D25230EC8CA00025B08 /* LaunchList.swift in Sources */,
				4C6C1F97231BE00B00C7120F /* Mission.swift in Sources */,
				4C0BB76723154754005B16C4 /* PreviousLaunchesViewModel.swift in Sources */,
				4C7F836A2527C5330092482D /* UpSpacePlaceholderView.swift in Sources */,
				4C776CF8230EB96C00025B08 /* LaunchesViewController.swift in Sources */,
				4C5930A9245EADAD00DDFEDD /* NextLaunchCellViewModel.swift in Sources */,
				4CDC57AB245F598F00BE487E /* UIColor+Colors.swift in Sources */,
				4C5930B3245EBEC300DDFEDD /* TableSection+Extensions.swift in Sources */,
				4C776D17230EB9ED00025B08 /* NextLaunchesViewModel.swift in Sources */,
				4C67D9E02461741D0091F20E /* BaseTableViewModel.swift in Sources */,
				4C776D28230EC9F800025B08 /* Launch.swift in Sources */,
				4C5930AB245EB22E00DDFEDD /* UIImage+Images.swift in Sources */,
				4CD37068231280F100187903 /* TodayLaunchesService.swift in Sources */,
				4C4C66E92460864700E8068D /* UIFont+Fonts.swift in Sources */,
				4C6C1F99231BE04500C7120F /* Lsp.swift in Sources */,
				4C3DB01724602394003D413C /* BaseTableViewController.swift in Sources */,
				4C7F82F32527B8070092482D /* UIActivityIndicatorView+Extentions.swift in Sources */,
				4C0F74492462FC8C001D59E8 /* CosmosActivityView.swift in Sources */,
				4C776D2A230ECA2800025B08 /* LaunchesService.swift in Sources */,
				4C776D20230EC4A400025B08 /* LaunchLibraryAPI.swift in Sources */,
				4C59309A245EA7E000DDFEDD /* BaseInitializableCell.swift in Sources */,
				4C776CF6230EB96C00025B08 /* AppDelegate.swift in Sources */,
				4C0C196023171675005D4C5F /* LaunchesTabmanViewController.swift in Sources */,
			);
			runOnlyForDeploymentPostprocessing = 0;
		};
/* End PBXSourcesBuildPhase section */

/* Begin PBXVariantGroup section */
		4C776CFE230EB96D00025B08 /* LaunchScreen.storyboard */ = {
			isa = PBXVariantGroup;
			children = (
				4C776CFF230EB96D00025B08 /* Base */,
			);
			name = LaunchScreen.storyboard;
			sourceTree = "<group>";
		};
/* End PBXVariantGroup section */

/* Begin XCBuildConfiguration section */
		4C776D0D230EB96D00025B08 /* Debug */ = {
			isa = XCBuildConfiguration;
			buildSettings = {
				ALWAYS_SEARCH_USER_PATHS = NO;
				CLANG_ANALYZER_NONNULL = YES;
				CLANG_ANALYZER_NUMBER_OBJECT_CONVERSION = YES_AGGRESSIVE;
				CLANG_CXX_LANGUAGE_STANDARD = "gnu++14";
				CLANG_CXX_LIBRARY = "libc++";
				CLANG_ENABLE_MODULES = YES;
				CLANG_ENABLE_OBJC_ARC = YES;
				CLANG_ENABLE_OBJC_WEAK = YES;
				CLANG_WARN_BLOCK_CAPTURE_AUTORELEASING = YES;
				CLANG_WARN_BOOL_CONVERSION = YES;
				CLANG_WARN_COMMA = YES;
				CLANG_WARN_CONSTANT_CONVERSION = YES;
				CLANG_WARN_DEPRECATED_OBJC_IMPLEMENTATIONS = YES;
				CLANG_WARN_DIRECT_OBJC_ISA_USAGE = YES_ERROR;
				CLANG_WARN_DOCUMENTATION_COMMENTS = YES;
				CLANG_WARN_EMPTY_BODY = YES;
				CLANG_WARN_ENUM_CONVERSION = YES;
				CLANG_WARN_INFINITE_RECURSION = YES;
				CLANG_WARN_INT_CONVERSION = YES;
				CLANG_WARN_NON_LITERAL_NULL_CONVERSION = YES;
				CLANG_WARN_OBJC_IMPLICIT_RETAIN_SELF = YES;
				CLANG_WARN_OBJC_LITERAL_CONVERSION = YES;
				CLANG_WARN_OBJC_ROOT_CLASS = YES_ERROR;
				CLANG_WARN_QUOTED_INCLUDE_IN_FRAMEWORK_HEADER = YES;
				CLANG_WARN_RANGE_LOOP_ANALYSIS = YES;
				CLANG_WARN_STRICT_PROTOTYPES = YES;
				CLANG_WARN_SUSPICIOUS_MOVE = YES;
				CLANG_WARN_UNGUARDED_AVAILABILITY = YES_AGGRESSIVE;
				CLANG_WARN_UNREACHABLE_CODE = YES;
				CLANG_WARN__DUPLICATE_METHOD_MATCH = YES;
				CODE_SIGN_IDENTITY = "iPhone Developer";
				COPY_PHASE_STRIP = NO;
				DEBUG_INFORMATION_FORMAT = dwarf;
				ENABLE_STRICT_OBJC_MSGSEND = YES;
				ENABLE_TESTABILITY = YES;
				GCC_C_LANGUAGE_STANDARD = gnu11;
				GCC_DYNAMIC_NO_PIC = NO;
				GCC_NO_COMMON_BLOCKS = YES;
				GCC_OPTIMIZATION_LEVEL = 0;
				GCC_PREPROCESSOR_DEFINITIONS = (
					"DEBUG=1",
					"$(inherited)",
				);
				GCC_WARN_64_TO_32_BIT_CONVERSION = YES;
				GCC_WARN_ABOUT_RETURN_TYPE = YES_ERROR;
				GCC_WARN_UNDECLARED_SELECTOR = YES;
				GCC_WARN_UNINITIALIZED_AUTOS = YES_AGGRESSIVE;
				GCC_WARN_UNUSED_FUNCTION = YES;
				GCC_WARN_UNUSED_VARIABLE = YES;
				IPHONEOS_DEPLOYMENT_TARGET = 12.4;
				MTL_ENABLE_DEBUG_INFO = INCLUDE_SOURCE;
				MTL_FAST_MATH = YES;
				ONLY_ACTIVE_ARCH = YES;
				SDKROOT = iphoneos;
				SWIFT_ACTIVE_COMPILATION_CONDITIONS = DEBUG;
				SWIFT_OPTIMIZATION_LEVEL = "-Onone";
			};
			name = Debug;
		};
		4C776D0E230EB96D00025B08 /* Release */ = {
			isa = XCBuildConfiguration;
			buildSettings = {
				ALWAYS_SEARCH_USER_PATHS = NO;
				CLANG_ANALYZER_NONNULL = YES;
				CLANG_ANALYZER_NUMBER_OBJECT_CONVERSION = YES_AGGRESSIVE;
				CLANG_CXX_LANGUAGE_STANDARD = "gnu++14";
				CLANG_CXX_LIBRARY = "libc++";
				CLANG_ENABLE_MODULES = YES;
				CLANG_ENABLE_OBJC_ARC = YES;
				CLANG_ENABLE_OBJC_WEAK = YES;
				CLANG_WARN_BLOCK_CAPTURE_AUTORELEASING = YES;
				CLANG_WARN_BOOL_CONVERSION = YES;
				CLANG_WARN_COMMA = YES;
				CLANG_WARN_CONSTANT_CONVERSION = YES;
				CLANG_WARN_DEPRECATED_OBJC_IMPLEMENTATIONS = YES;
				CLANG_WARN_DIRECT_OBJC_ISA_USAGE = YES_ERROR;
				CLANG_WARN_DOCUMENTATION_COMMENTS = YES;
				CLANG_WARN_EMPTY_BODY = YES;
				CLANG_WARN_ENUM_CONVERSION = YES;
				CLANG_WARN_INFINITE_RECURSION = YES;
				CLANG_WARN_INT_CONVERSION = YES;
				CLANG_WARN_NON_LITERAL_NULL_CONVERSION = YES;
				CLANG_WARN_OBJC_IMPLICIT_RETAIN_SELF = YES;
				CLANG_WARN_OBJC_LITERAL_CONVERSION = YES;
				CLANG_WARN_OBJC_ROOT_CLASS = YES_ERROR;
				CLANG_WARN_QUOTED_INCLUDE_IN_FRAMEWORK_HEADER = YES;
				CLANG_WARN_RANGE_LOOP_ANALYSIS = YES;
				CLANG_WARN_STRICT_PROTOTYPES = YES;
				CLANG_WARN_SUSPICIOUS_MOVE = YES;
				CLANG_WARN_UNGUARDED_AVAILABILITY = YES_AGGRESSIVE;
				CLANG_WARN_UNREACHABLE_CODE = YES;
				CLANG_WARN__DUPLICATE_METHOD_MATCH = YES;
				CODE_SIGN_IDENTITY = "iPhone Developer";
				COPY_PHASE_STRIP = NO;
				DEBUG_INFORMATION_FORMAT = "dwarf-with-dsym";
				ENABLE_NS_ASSERTIONS = NO;
				ENABLE_STRICT_OBJC_MSGSEND = YES;
				GCC_C_LANGUAGE_STANDARD = gnu11;
				GCC_NO_COMMON_BLOCKS = YES;
				GCC_WARN_64_TO_32_BIT_CONVERSION = YES;
				GCC_WARN_ABOUT_RETURN_TYPE = YES_ERROR;
				GCC_WARN_UNDECLARED_SELECTOR = YES;
				GCC_WARN_UNINITIALIZED_AUTOS = YES_AGGRESSIVE;
				GCC_WARN_UNUSED_FUNCTION = YES;
				GCC_WARN_UNUSED_VARIABLE = YES;
				IPHONEOS_DEPLOYMENT_TARGET = 12.4;
				MTL_ENABLE_DEBUG_INFO = NO;
				MTL_FAST_MATH = YES;
				SDKROOT = iphoneos;
				SWIFT_COMPILATION_MODE = wholemodule;
				SWIFT_OPTIMIZATION_LEVEL = "-O";
				VALIDATE_PRODUCT = YES;
			};
			name = Release;
		};
		4C776D10230EB96D00025B08 /* Debug */ = {
			isa = XCBuildConfiguration;
			baseConfigurationReference = F2B08CB1F5F1AE5DCB46E8CD /* Pods-UpSpace.debug.xcconfig */;
			buildSettings = {
				ASSETCATALOG_COMPILER_APPICON_NAME = AppIcon;
				CODE_SIGN_STYLE = Automatic;
				DEVELOPMENT_TEAM = D53P34H463;
				INFOPLIST_FILE = "$(SRCROOT)/UpSpace/Resources/Info.plist";
				LD_RUNPATH_SEARCH_PATHS = (
					"$(inherited)",
					"@executable_path/Frameworks",
				);
				PRODUCT_BUNDLE_IDENTIFIER = vladsuhomloinov.UpSpace;
				PRODUCT_NAME = "$(TARGET_NAME)";
				SWIFT_VERSION = 5.0;
				TARGETED_DEVICE_FAMILY = 1;
			};
			name = Debug;
		};
		4C776D11230EB96D00025B08 /* Release */ = {
			isa = XCBuildConfiguration;
			baseConfigurationReference = A077CEB040C1A26F70DB5155 /* Pods-UpSpace.release.xcconfig */;
			buildSettings = {
				ASSETCATALOG_COMPILER_APPICON_NAME = AppIcon;
				CODE_SIGN_STYLE = Automatic;
				DEVELOPMENT_TEAM = D53P34H463;
				INFOPLIST_FILE = "$(SRCROOT)/UpSpace/Resources/Info.plist";
				LD_RUNPATH_SEARCH_PATHS = (
					"$(inherited)",
					"@executable_path/Frameworks",
				);
				PRODUCT_BUNDLE_IDENTIFIER = vladsuhomloinov.UpSpace;
				PRODUCT_NAME = "$(TARGET_NAME)";
				SWIFT_VERSION = 5.0;
				TARGETED_DEVICE_FAMILY = 1;
			};
			name = Release;
		};
/* End XCBuildConfiguration section */

/* Begin XCConfigurationList section */
		4C776CED230EB96C00025B08 /* Build configuration list for PBXProject "UpSpace" */ = {
			isa = XCConfigurationList;
			buildConfigurations = (
				4C776D0D230EB96D00025B08 /* Debug */,
				4C776D0E230EB96D00025B08 /* Release */,
			);
			defaultConfigurationIsVisible = 0;
			defaultConfigurationName = Release;
		};
		4C776D0F230EB96D00025B08 /* Build configuration list for PBXNativeTarget "UpSpace" */ = {
			isa = XCConfigurationList;
			buildConfigurations = (
				4C776D10230EB96D00025B08 /* Debug */,
				4C776D11230EB96D00025B08 /* Release */,
			);
			defaultConfigurationIsVisible = 0;
			defaultConfigurationName = Release;
		};
/* End XCConfigurationList section */

/* Begin XCRemoteSwiftPackageReference section */
		4C7F836F252845030092482D /* XCRemoteSwiftPackageReference "LeadKit" */ = {
			isa = XCRemoteSwiftPackageReference;
			repositoryURL = "https://github.com/TouchInstinct/LeadKit";
			requirement = {
				kind = exactVersion;
				version = 0.10.6;
			};
		};
/* End XCRemoteSwiftPackageReference section */

/* Begin XCSwiftPackageProductDependency section */
		4C7F8370252845030092482D /* TIFoundationUtils */ = {
			isa = XCSwiftPackageProductDependency;
			package = 4C7F836F252845030092482D /* XCRemoteSwiftPackageReference "LeadKit" */;
			productName = TIFoundationUtils;
		};
		4C7F8372252845030092482D /* TITransitions */ = {
			isa = XCSwiftPackageProductDependency;
			package = 4C7F836F252845030092482D /* XCRemoteSwiftPackageReference "LeadKit" */;
			productName = TITransitions;
		};
		4C7F8374252845030092482D /* TIUIElements */ = {
			isa = XCSwiftPackageProductDependency;
			package = 4C7F836F252845030092482D /* XCRemoteSwiftPackageReference "LeadKit" */;
			productName = TIUIElements;
		};
/* End XCSwiftPackageProductDependency section */
	};
	rootObject = 4C776CEA230EB96C00025B08 /* Project object */;
}
